
Microsoft Visual Studio Solution File, Format Version 11.00
# Visual Studio 2010
Project("{FAE04EC0-301F-11D3-BF4B-00C04F79EFBC}") = "TomsParty2017.2-Presentation", "Assembly-CSharp.csproj", "{D8809068-84CD-48CD-ABED-8B090F2C52CD}"
EndProject
Global
	GlobalSection(SolutionConfigurationPlatforms) = preSolution
		Debug|Any CPU = Debug|Any CPU
		Release|Any CPU = Release|Any CPU
	EndGlobalSection
	GlobalSection(ProjectConfigurationPlatforms) = postSolution
		{D8809068-84CD-48CD-ABED-8B090F2C52CD}.Debug|Any CPU.ActiveCfg = Debug|Any CPU
		{D8809068-84CD-48CD-ABED-8B090F2C52CD}.Debug|Any CPU.Build.0 = Debug|Any CPU
		{D8809068-84CD-48CD-ABED-8B090F2C52CD}.Release|Any CPU.ActiveCfg = Release|Any CPU
		{D8809068-84CD-48CD-ABED-8B090F2C52CD}.Release|Any CPU.Build.0 = Release|Any CPU
	EndGlobalSection
	GlobalSection(SolutionProperties) = preSolution
		HideSolutionNode = FALSE
	EndGlobalSection
	GlobalSection(MonoDevelopProperties) = preSolution
		StartupItem = Assembly-CSharp.csproj
	EndGlobalSection
EndGlobal
